
Microsoft Visual Studio Solution File, Format Version 12.00
# Visual Studio Version 16
VisualStudioVersion = 16.0.30717.126
MinimumVisualStudioVersion = 10.0.40219.1
Project("{FAE04EC0-301F-11D3-BF4B-00C04F79EFBC}") = "RDB_A04_tngo_iandrews", "RDB_A04_tngo_iandrews\RDB_A04_tngo_iandrews.csproj", "{9A786946-E2C1-466D-8189-D46E998DC308}"
EndProject
Global
	GlobalSection(SolutionConfigurationPlatforms) = preSolution
		Debug|Any CPU = Debug|Any CPU
		Release|Any CPU = Release|Any CPU
	EndGlobalSection
	GlobalSection(ProjectConfigurationPlatforms) = postSolution
		{9A786946-E2C1-466D-8189-D46E998DC308}.Debug|Any CPU.ActiveCfg = Debug|Any CPU
		{9A786946-E2C1-466D-8189-D46E998DC308}.Debug|Any CPU.Build.0 = Debug|Any CPU
		{9A786946-E2C1-466D-8189-D46E998DC308}.Release|Any CPU.ActiveCfg = Release|Any CPU
		{9A786946-E2C1-466D-8189-D46E998DC308}.Release|Any CPU.Build.0 = Release|Any CPU
	EndGlobalSection
	GlobalSection(SolutionProperties) = preSolution
		HideSolutionNode = FALSE
	EndGlobalSection
	GlobalSection(ExtensibilityGlobals) = postSolution
		SolutionGuid = {5F2DA31F-64AD-441F-992C-695ED6646051}
	EndGlobalSection
EndGlobal
